
Microsoft Visual Studio Solution File, Format Version 12.00
# Visual Studio Version 16
VisualStudioVersion = 16.0.30002.166
MinimumVisualStudioVersion = 10.0.40219.1
Project("{FAE04EC0-301F-11D3-BF4B-00C04F79EFBC}") = "CocktailApp.Android", "CocktailApp\CocktailApp.Android\CocktailApp.Android.csproj", "{0E12C005-1A55-47A5-A1B5-5F9A4FA1892C}"
EndProject
Project("{FAE04EC0-301F-11D3-BF4B-00C04F79EFBC}") = "CocktailApp.iOS", "CocktailApp\CocktailApp.iOS\CocktailApp.iOS.csproj", "{58FB276A-EADF-40D1-8A1B-AC203E8D0B08}"
EndProject
Project("{FAE04EC0-301F-11D3-BF4B-00C04F79EFBC}") = "CocktailApp", "CocktailApp\CocktailApp\CocktailApp.csproj", "{7FE33C87-BA25-4EE0-B0B5-66140B7D7B45}"
EndProject
Global
	GlobalSection(SolutionConfigurationPlatforms) = preSolution
		Debug|Any CPU = Debug|Any CPU
		Debug|iPhone = Debug|iPhone
		Debug|iPhoneSimulator = Debug|iPhoneSimulator
		Release|Any CPU = Release|Any CPU
		Release|iPhone = Release|iPhone
		Release|iPhoneSimulator = Release|iPhoneSimulator
	EndGlobalSection
	GlobalSection(ProjectConfigurationPlatforms) = postSolution
		{0E12C005-1A55-47A5-A1B5-5F9A4FA1892C}.Debug|Any CPU.ActiveCfg = Debug|Any CPU
		{0E12C005-1A55-47A5-A1B5-5F9A4FA1892C}.Debug|Any CPU.Build.0 = Debug|Any CPU
		{0E12C005-1A55-47A5-A1B5-5F9A4FA1892C}.Debug|Any CPU.Deploy.0 = Debug|Any CPU
		{0E12C005-1A55-47A5-A1B5-5F9A4FA1892C}.Debug|iPhone.ActiveCfg = Debug|Any CPU
		{0E12C005-1A55-47A5-A1B5-5F9A4FA1892C}.Debug|iPhone.Build.0 = Debug|Any CPU
		{0E12C005-1A55-47A5-A1B5-5F9A4FA1892C}.Debug|iPhone.Deploy.0 = Debug|Any CPU
		{0E12C005-1A55-47A5-A1B5-5F9A4FA1892C}.Debug|iPhoneSimulator.ActiveCfg = Debug|Any CPU
		{0E12C005-1A55-47A5-A1B5-5F9A4FA1892C}.Debug|iPhoneSimulator.Build.0 = Debug|Any CPU
		{0E12C005-1A55-47A5-A1B5-5F9A4FA1892C}.Debug|iPhoneSimulator.Deploy.0 = Debug|Any CPU
		{0E12C005-1A55-47A5-A1B5-5F9A4FA1892C}.Release|Any CPU.ActiveCfg = Release|Any CPU
		{0E12C005-1A55-47A5-A1B5-5F9A4FA1892C}.Release|Any CPU.Build.0 = Release|Any CPU
		{0E12C005-1A55-47A5-A1B5-5F9A4FA1892C}.Release|Any CPU.Deploy.0 = Release|Any CPU
		{0E12C005-1A55-47A5-A1B5-5F9A4FA1892C}.Release|iPhone.ActiveCfg = Release|Any CPU
		{0E12C005-1A55-47A5-A1B5-5F9A4FA1892C}.Release|iPhone.Build.0 = Release|Any CPU
		{0E12C005-1A55-47A5-A1B5-5F9A4FA1892C}.Release|iPhone.Deploy.0 = Release|Any CPU
		{0E12C005-1A55-47A5-A1B5-5F9A4FA1892C}.Release|iPhoneSimulator.ActiveCfg = Release|Any CPU
		{0E12C005-1A55-47A5-A1B5-5F9A4FA1892C}.Release|iPhoneSimulator.Build.0 = Release|Any CPU
		{0E12C005-1A55-47A5-A1B5-5F9A4FA1892C}.Release|iPhoneSimulator.Deploy.0 = Release|Any CPU
		{58FB276A-EADF-40D1-8A1B-AC203E8D0B08}.Debug|Any CPU.ActiveCfg = Debug|iPhone
		{58FB276A-EADF-40D1-8A1B-AC203E8D0B08}.Debug|Any CPU.Build.0 = Debug|iPhone
		{58FB276A-EADF-40D1-8A1B-AC203E8D0B08}.Debug|Any CPU.Deploy.0 = Debug|iPhone
		{58FB276A-EADF-40D1-8A1B-AC203E8D0B08}.Debug|iPhone.ActiveCfg = Debug|iPhone
		{58FB276A-EADF-40D1-8A1B-AC203E8D0B08}.Debug|iPhone.Build.0 = Debug|iPhone
		{58FB276A-EADF-40D1-8A1B-AC203E8D0B08}.Debug|iPhone.Deploy.0 = Debug|iPhone
		{58FB276A-EADF-40D1-8A1B-AC203E8D0B08}.Debug|iPhoneSimulator.ActiveCfg = Debug|iPhoneSimulator
		{58FB276A-EADF-40D1-8A1B-AC203E8D0B08}.Debug|iPhoneSimulator.Build.0 = Debug|iPhoneSimulator
		{58FB276A-EADF-40D1-8A1B-AC203E8D0B08}.Debug|iPhoneSimulator.Deploy.0 = Debug|iPhoneSimulator
		{58FB276A-EADF-40D1-8A1B-AC203E8D0B08}.Release|Any CPU.ActiveCfg = Release|iPhone
		{58FB276A-EADF-40D1-8A1B-AC203E8D0B08}.Release|Any CPU.Build.0 = Release|iPhone
		{58FB276A-EADF-40D1-8A1B-AC203E8D0B08}.Release|Any CPU.Deploy.0 = Release|iPhone
		{58FB276A-EADF-40D1-8A1B-AC203E8D0B08}.Release|iPhone.ActiveCfg = Release|iPhone
		{58FB276A-EADF-40D1-8A1B-AC203E8D0B08}.Release|iPhone.Build.0 = Release|iPhone
		{58FB276A-EADF-40D1-8A1B-AC203E8D0B08}.Release|iPhone.Deploy.0 = Release|iPhone
		{58FB276A-EADF-40D1-8A1B-AC203E8D0B08}.Release|iPhoneSimulator.ActiveCfg = Release|iPhoneSimulator
		{58FB276A-EADF-40D1-8A1B-AC203E8D0B08}.Release|iPhoneSimulator.Build.0 = Release|iPhoneSimulator
		{58FB276A-EADF-40D1-8A1B-AC203E8D0B08}.Release|iPhoneSimulator.Deploy.0 = Release|iPhoneSimulator
		{7FE33C87-BA25-4EE0-B0B5-66140B7D7B45}.Debug|Any CPU.ActiveCfg = Debug|Any CPU
		{7FE33C87-BA25-4EE0-B0B5-66140B7D7B45}.Debug|Any CPU.Build.0 = Debug|Any CPU
		{7FE33C87-BA25-4EE0-B0B5-66140B7D7B45}.Debug|Any CPU.Deploy.0 = Debug|Any CPU
		{7FE33C87-BA25-4EE0-B0B5-66140B7D7B45}.Debug|iPhone.ActiveCfg = Debug|Any CPU
		{7FE33C87-BA25-4EE0-B0B5-66140B7D7B45}.Debug|iPhone.Build.0 = Debug|Any CPU
		{7FE33C87-BA25-4EE0-B0B5-66140B7D7B45}.Debug|iPhone.Deploy.0 = Debug|Any CPU
		{7FE33C87-BA25-4EE0-B0B5-66140B7D7B45}.Debug|iPhoneSimulator.ActiveCfg = Debug|Any CPU
		{7FE33C87-BA25-4EE0-B0B5-66140B7D7B45}.Debug|iPhoneSimulator.Build.0 = Debug|Any CPU
		{7FE33C87-BA25-4EE0-B0B5-66140B7D7B45}.Debug|iPhoneSimulator.Deploy.0 = Debug|Any CPU
		{7FE33C87-BA25-4EE0-B0B5-66140B7D7B45}.Release|Any CPU.ActiveCfg = Release|Any CPU
		{7FE33C87-BA25-4EE0-B0B5-66140B7D7B45}.Release|Any CPU.Build.0 = Release|Any CPU
		{7FE33C87-BA25-4EE0-B0B5-66140B7D7B45}.Release|Any CPU.Deploy.0 = Release|Any CPU
		{7FE33C87-BA25-4EE0-B0B5-66140B7D7B45}.Release|iPhone.ActiveCfg = Release|Any CPU
		{7FE33C87-BA25-4EE0-B0B5-66140B7D7B45}.Release|iPhone.Build.0 = Release|Any CPU
		{7FE33C87-BA25-4EE0-B0B5-66140B7D7B45}.Release|iPhone.Deploy.0 = Release|Any CPU
		{7FE33C87-BA25-4EE0-B0B5-66140B7D7B45}.Release|iPhoneSimulator.ActiveCfg = Release|Any CPU
		{7FE33C87-BA25-4EE0-B0B5-66140B7D7B45}.Release|iPhoneSimulator.Build.0 = Release|Any CPU
		{7FE33C87-BA25-4EE0-B0B5-66140B7D7B45}.Release|iPhoneSimulator.Deploy.0 = Release|Any CPU
	EndGlobalSection
	GlobalSection(SolutionProperties) = preSolution
		HideSolutionNode = FALSE
	EndGlobalSection
	GlobalSection(ExtensibilityGlobals) = postSolution
		SolutionGuid = {A75D87BA-3BCA-430A-880D-BE4B7F6104FD}
	EndGlobalSection
EndGlobal
